// !$*UTF8*$!
{
	archiveVersion = 1;
	classes = {
	};
	objectVersion = 50;
	objects = {

/* Begin PBXBuildFile section */
		4411070B234F5FB0006B6001 /* Model.swift in Sources */ = {isa = PBXBuildFile; fileRef = 4411070A234F5FB0006B6001 /* Model.swift */; };
		4411070D234F7724006B6001 /* JournalTableVCCell.swift in Sources */ = {isa = PBXBuildFile; fileRef = 4411070C234F7724006B6001 /* JournalTableVCCell.swift */; };
		4424DD31235093FF00C811CB /* SplitVC.swift in Sources */ = {isa = PBXBuildFile; fileRef = 4424DD30235093FF00C811CB /* SplitVC.swift */; };
		44E78F8F234CE55F00C99D26 /* AppDelegate.swift in Sources */ = {isa = PBXBuildFile; fileRef = 44E78F8E234CE55F00C99D26 /* AppDelegate.swift */; };
		44E78F91234CE55F00C99D26 /* SceneDelegate.swift in Sources */ = {isa = PBXBuildFile; fileRef = 44E78F90234CE55F00C99D26 /* SceneDelegate.swift */; };
		44E78F96234CE55F00C99D26 /* Main.storyboard in Resources */ = {isa = PBXBuildFile; fileRef = 44E78F94234CE55F00C99D26 /* Main.storyboard */; };
		44E78F98234CE56000C99D26 /* Assets.xcassets in Resources */ = {isa = PBXBuildFile; fileRef = 44E78F97234CE56000C99D26 /* Assets.xcassets */; };
		44E78F9B234CE56000C99D26 /* LaunchScreen.storyboard in Resources */ = {isa = PBXBuildFile; fileRef = 44E78F99234CE56000C99D26 /* LaunchScreen.storyboard */; };
		44E78FA3234CEC9600C99D26 /* JournalDetailVC.swift in Sources */ = {isa = PBXBuildFile; fileRef = 44E78FA2234CEC9600C99D26 /* JournalDetailVC.swift */; };
		44E78FA5234CECF400C99D26 /* JournalTableVC.swift in Sources */ = {isa = PBXBuildFile; fileRef = 44E78FA4234CECF400C99D26 /* JournalTableVC.swift */; };
		44E78FA7234CED3900C99D26 /* CreateJournalVC.swift in Sources */ = {isa = PBXBuildFile; fileRef = 44E78FA6234CED3900C99D26 /* CreateJournalVC.swift */; };
		44E78FA9234CEDA000C99D26 /* PhotoCollectionVC.swift in Sources */ = {isa = PBXBuildFile; fileRef = 44E78FA8234CEDA000C99D26 /* PhotoCollectionVC.swift */; };
		9818C2AE0BB7373399597C77 /* Pods_DayTwo.framework in Frameworks */ = {isa = PBXBuildFile; fileRef = 08301C1E380A6D0569C008C2 /* Pods_DayTwo.framework */; };
/* End PBXBuildFile section */

/* Begin PBXFileReference section */
		08301C1E380A6D0569C008C2 /* Pods_DayTwo.framework */ = {isa = PBXFileReference; explicitFileType = wrapper.framework; includeInIndex = 0; path = Pods_DayTwo.framework; sourceTree = BUILT_PRODUCTS_DIR; };
		4411070A234F5FB0006B6001 /* Model.swift */ = {isa = PBXFileReference; lastKnownFileType = sourcecode.swift; path = Model.swift; sourceTree = "<group>"; };
		4411070C234F7724006B6001 /* JournalTableVCCell.swift */ = {isa = PBXFileReference; lastKnownFileType = sourcecode.swift; path = JournalTableVCCell.swift; sourceTree = "<group>"; };
		4424DD30235093FF00C811CB /* SplitVC.swift */ = {isa = PBXFileReference; lastKnownFileType = sourcecode.swift; path = SplitVC.swift; sourceTree = "<group>"; };
		44E78F8B234CE55F00C99D26 /* DayTwo.app */ = {isa = PBXFileReference; explicitFileType = wrapper.application; includeInIndex = 0; path = DayTwo.app; sourceTree = BUILT_PRODUCTS_DIR; };
		44E78F8E234CE55F00C99D26 /* AppDelegate.swift */ = {isa = PBXFileReference; lastKnownFileType = sourcecode.swift; path = AppDelegate.swift; sourceTree = "<group>"; };
		44E78F90234CE55F00C99D26 /* SceneDelegate.swift */ = {isa = PBXFileReference; lastKnownFileType = sourcecode.swift; path = SceneDelegate.swift; sourceTree = "<group>"; };
		44E78F95234CE55F00C99D26 /* Base */ = {isa = PBXFileReference; lastKnownFileType = file.storyboard; name = Base; path = Base.lproj/Main.storyboard; sourceTree = "<group>"; };
		44E78F97234CE56000C99D26 /* Assets.xcassets */ = {isa = PBXFileReference; lastKnownFileType = folder.assetcatalog; path = Assets.xcassets; sourceTree = "<group>"; };
		44E78F9A234CE56000C99D26 /* Base */ = {isa = PBXFileReference; lastKnownFileType = file.storyboard; name = Base; path = Base.lproj/LaunchScreen.storyboard; sourceTree = "<group>"; };
		44E78F9C234CE56000C99D26 /* Info.plist */ = {isa = PBXFileReference; lastKnownFileType = text.plist.xml; path = Info.plist; sourceTree = "<group>"; };
		44E78FA2234CEC9600C99D26 /* JournalDetailVC.swift */ = {isa = PBXFileReference; lastKnownFileType = sourcecode.swift; path = JournalDetailVC.swift; sourceTree = "<group>"; };
		44E78FA4234CECF400C99D26 /* JournalTableVC.swift */ = {isa = PBXFileReference; lastKnownFileType = sourcecode.swift; path = JournalTableVC.swift; sourceTree = "<group>"; };
		44E78FA6234CED3900C99D26 /* CreateJournalVC.swift */ = {isa = PBXFileReference; lastKnownFileType = sourcecode.swift; path = CreateJournalVC.swift; sourceTree = "<group>"; };
		44E78FA8234CEDA000C99D26 /* PhotoCollectionVC.swift */ = {isa = PBXFileReference; lastKnownFileType = sourcecode.swift; path = PhotoCollectionVC.swift; sourceTree = "<group>"; };
		62A18439AEFF41A74C4A814E /* Pods-DayTwo.debug.xcconfig */ = {isa = PBXFileReference; includeInIndex = 1; lastKnownFileType = text.xcconfig; name = "Pods-DayTwo.debug.xcconfig"; path = "Pods/Target Support Files/Pods-DayTwo/Pods-DayTwo.debug.xcconfig"; sourceTree = "<group>"; };
		67F6E30E95267EE08F9C7BA2 /* Pods-DayTwo.release.xcconfig */ = {isa = PBXFileReference; includeInIndex = 1; lastKnownFileType = text.xcconfig; name = "Pods-DayTwo.release.xcconfig"; path = "Pods/Target Support Files/Pods-DayTwo/Pods-DayTwo.release.xcconfig"; sourceTree = "<group>"; };
/* End PBXFileReference section */

/* Begin PBXFrameworksBuildPhase section */
		44E78F88234CE55F00C99D26 /* Frameworks */ = {
			isa = PBXFrameworksBuildPhase;
			buildActionMask = 2147483647;
			files = (
				9818C2AE0BB7373399597C77 /* Pods_DayTwo.framework in Frameworks */,
			);
			runOnlyForDeploymentPostprocessing = 0;
		};
/* End PBXFrameworksBuildPhase section */

/* Begin PBXGroup section */
		053573BEDD9067A6BB23B4F6 /* Frameworks */ = {
			isa = PBXGroup;
			children = (
				08301C1E380A6D0569C008C2 /* Pods_DayTwo.framework */,
			);
			name = Frameworks;
			sourceTree = "<group>";
		};
		44E78F82234CE55F00C99D26 = {
			isa = PBXGroup;
			children = (
				44E78F8D234CE55F00C99D26 /* DayTwo */,
				44E78F8C234CE55F00C99D26 /* Products */,
				E22A9E97BA757949A036BA74 /* Pods */,
				053573BEDD9067A6BB23B4F6 /* Frameworks */,
			);
			sourceTree = "<group>";
		};
		44E78F8C234CE55F00C99D26 /* Products */ = {
			isa = PBXGroup;
			children = (
				44E78F8B234CE55F00C99D26 /* DayTwo.app */,
			);
			name = Products;
			sourceTree = "<group>";
		};
		44E78F8D234CE55F00C99D26 /* DayTwo */ = {
			isa = PBXGroup;
			children = (
				4424DD30235093FF00C811CB /* SplitVC.swift */,
				4411070C234F7724006B6001 /* JournalTableVCCell.swift */,
				44E78FA6234CED3900C99D26 /* CreateJournalVC.swift */,
				44E78FA2234CEC9600C99D26 /* JournalDetailVC.swift */,
				44E78FA4234CECF400C99D26 /* JournalTableVC.swift */,
				44E78FA8234CEDA000C99D26 /* PhotoCollectionVC.swift */,
				4411070A234F5FB0006B6001 /* Model.swift */,
				44E78F8E234CE55F00C99D26 /* AppDelegate.swift */,
				44E78F90234CE55F00C99D26 /* SceneDelegate.swift */,
				44E78F94234CE55F00C99D26 /* Main.storyboard */,
				44E78F97234CE56000C99D26 /* Assets.xcassets */,
				44E78F99234CE56000C99D26 /* LaunchScreen.storyboard */,
				44E78F9C234CE56000C99D26 /* Info.plist */,
			);
			path = DayTwo;
			sourceTree = "<group>";
		};
		E22A9E97BA757949A036BA74 /* Pods */ = {
			isa = PBXGroup;
			children = (
				62A18439AEFF41A74C4A814E /* Pods-DayTwo.debug.xcconfig */,
				67F6E30E95267EE08F9C7BA2 /* Pods-DayTwo.release.xcconfig */,
			);
			name = Pods;
			sourceTree = "<group>";
		};
/* End PBXGroup section */

/* Begin PBXNativeTarget section */
		44E78F8A234CE55F00C99D26 /* DayTwo */ = {
			isa = PBXNativeTarget;
			buildConfigurationList = 44E78F9F234CE56000C99D26 /* Build configuration list for PBXNativeTarget "DayTwo" */;
			buildPhases = (
				26AAD2C40EF36F4E854E5815 /* [CP] Check Pods Manifest.lock */,
				44E78F87234CE55F00C99D26 /* Sources */,
				44E78F88234CE55F00C99D26 /* Frameworks */,
				44E78F89234CE55F00C99D26 /* Resources */,
				3D40AC0AA5A670AFDA7A11DF /* [CP] Embed Pods Frameworks */,
			);
			buildRules = (
			);
			dependencies = (
			);
			name = DayTwo;
			productName = DayTwo;
			productReference = 44E78F8B234CE55F00C99D26 /* DayTwo.app */;
			productType = "com.apple.product-type.application";
		};
/* End PBXNativeTarget section */

/* Begin PBXProject section */
		44E78F83234CE55F00C99D26 /* Project object */ = {
			isa = PBXProject;
			attributes = {
				LastSwiftUpdateCheck = 1100;
				LastUpgradeCheck = 1100;
				ORGANIZATIONNAME = "Nazar Petruk";
				TargetAttributes = {
					44E78F8A234CE55F00C99D26 = {
						CreatedOnToolsVersion = 11.0;
					};
				};
			};
			buildConfigurationList = 44E78F86234CE55F00C99D26 /* Build configuration list for PBXProject "DayTwo" */;
			compatibilityVersion = "Xcode 9.3";
			developmentRegion = en;
			hasScannedForEncodings = 0;
			knownRegions = (
				en,
				Base,
			);
			mainGroup = 44E78F82234CE55F00C99D26;
			productRefGroup = 44E78F8C234CE55F00C99D26 /* Products */;
			projectDirPath = "";
			projectRoot = "";
			targets = (
				44E78F8A234CE55F00C99D26 /* DayTwo */,
			);
		};
/* End PBXProject section */

/* Begin PBXResourcesBuildPhase section */
		44E78F89234CE55F00C99D26 /* Resources */ = {
			isa = PBXResourcesBuildPhase;
			buildActionMask = 2147483647;
			files = (
				44E78F9B234CE56000C99D26 /* LaunchScreen.storyboard in Resources */,
				44E78F98234CE56000C99D26 /* Assets.xcassets in Resources */,
				44E78F96234CE55F00C99D26 /* Main.storyboard in Resources */,
			);
			runOnlyForDeploymentPostprocessing = 0;
		};
/* End PBXResourcesBuildPhase section */

/* Begin PBXShellScriptBuildPhase section */
		26AAD2C40EF36F4E854E5815 /* [CP] Check Pods Manifest.lock */ = {
			isa = PBXShellScriptBuildPhase;
			buildActionMask = 2147483647;
			files = (
			);
			inputPaths = (
				"${PODS_PODFILE_DIR_PATH}/Podfile.lock",
				"${PODS_ROOT}/Manifest.lock",
			);
			name = "[CP] Check Pods Manifest.lock";
			outputPaths = (
				"$(DERIVED_FILE_DIR)/Pods-DayTwo-checkManifestLockResult.txt",
			);
			runOnlyForDeploymentPostprocessing = 0;
			shellPath = /bin/sh;
			shellScript = "diff \"${PODS_PODFILE_DIR_PATH}/Podfile.lock\" \"${PODS_ROOT}/Manifest.lock\" > /dev/null\nif [ $? != 0 ] ; then\n    # print error to STDERR\n    echo \"error: The sandbox is not in sync with the Podfile.lock. Run 'pod install' or update your CocoaPods installation.\" >&2\n    exit 1\nfi\n# This output is used by Xcode 'outputs' to avoid re-running this script phase.\necho \"SUCCESS\" > \"${SCRIPT_OUTPUT_FILE_0}\"\n";
			showEnvVarsInLog = 0;
		};
		3D40AC0AA5A670AFDA7A11DF /* [CP] Embed Pods Frameworks */ = {
			isa = PBXShellScriptBuildPhase;
			buildActionMask = 2147483647;
			files = (
			);
			inputPaths = (
				"${SRCROOT}/Pods/Target Support Files/Pods-DayTwo/Pods-DayTwo-frameworks.sh",
				"${BUILT_PRODUCTS_DIR}/Realm/Realm.framework",
				"${BUILT_PRODUCTS_DIR}/RealmSwift/RealmSwift.framework",
				"${BUILT_PRODUCTS_DIR}/Toucan/Toucan.framework",
			);
			name = "[CP] Embed Pods Frameworks";
			outputPaths = (
				"${TARGET_BUILD_DIR}/${FRAMEWORKS_FOLDER_PATH}/Realm.framework",
				"${TARGET_BUILD_DIR}/${FRAMEWORKS_FOLDER_PATH}/RealmSwift.framework",
				"${TARGET_BUILD_DIR}/${FRAMEWORKS_FOLDER_PATH}/Toucan.framework",
			);
			runOnlyForDeploymentPostprocessing = 0;
			shellPath = /bin/sh;
			shellScript = "\"${SRCROOT}/Pods/Target Support Files/Pods-DayTwo/Pods-DayTwo-frameworks.sh\"\n";
			showEnvVarsInLog = 0;
		};
/* End PBXShellScriptBuildPhase section */

/* Begin PBXSourcesBuildPhase section */
		44E78F87234CE55F00C99D26 /* Sources */ = {
			isa = PBXSourcesBuildPhase;
			buildActionMask = 2147483647;
			files = (
				4411070B234F5FB0006B6001 /* Model.swift in Sources */,
				44E78F8F234CE55F00C99D26 /* AppDelegate.swift in Sources */,
				44E78FA9234CEDA000C99D26 /* PhotoCollectionVC.swift in Sources */,
				44E78F91234CE55F00C99D26 /* SceneDelegate.swift in Sources */,
				44E78FA3234CEC9600C99D26 /* JournalDetailVC.swift in Sources */,
				44E78FA7234CED3900C99D26 /* CreateJournalVC.swift in Sources */,
				44E78FA5234CECF400C99D26 /* JournalTableVC.swift in Sources */,
				4424DD31235093FF00C811CB /* SplitVC.swift in Sources */,
				4411070D234F7724006B6001 /* JournalTableVCCell.swift in Sources */,
			);
			runOnlyForDeploymentPostprocessing = 0;
		};
/* End PBXSourcesBuildPhase section */

/* Begin PBXVariantGroup section */
		44E78F94234CE55F00C99D26 /* Main.storyboard */ = {
			isa = PBXVariantGroup;
			children = (
				44E78F95234CE55F00C99D26 /* Base */,
			);
			name = Main.storyboard;
			sourceTree = "<group>";
		};
		44E78F99234CE56000C99D26 /* LaunchScreen.storyboard */ = {
			isa = PBXVariantGroup;
			children = (
				44E78F9A234CE56000C99D26 /* Base */,
			);
			name = LaunchScreen.storyboard;
			sourceTree = "<group>";
		};
/* End PBXVariantGroup section */

/* Begin XCBuildConfiguration section */
		44E78F9D234CE56000C99D26 /* Debug */ = {
			isa = XCBuildConfiguration;
			buildSettings = {
				ALWAYS_SEARCH_USER_PATHS = NO;
				CLANG_ANALYZER_NONNULL = YES;
				CLANG_ANALYZER_NUMBER_OBJECT_CONVERSION = YES_AGGRESSIVE;
				CLANG_CXX_LANGUAGE_STANDARD = "gnu++14";
				CLANG_CXX_LIBRARY = "libc++";
				CLANG_ENABLE_MODULES = YES;
				CLANG_ENABLE_OBJC_ARC = YES;
				CLANG_ENABLE_OBJC_WEAK = YES;
				CLANG_WARN_BLOCK_CAPTURE_AUTORELEASING = YES;
				CLANG_WARN_BOOL_CONVERSION = YES;
				CLANG_WARN_COMMA = YES;
				CLANG_WARN_CONSTANT_CONVERSION = YES;
				CLANG_WARN_DEPRECATED_OBJC_IMPLEMENTATIONS = YES;
				CLANG_WARN_DIRECT_OBJC_ISA_USAGE = YES_ERROR;
				CLANG_WARN_DOCUMENTATION_COMMENTS = YES;
				CLANG_WARN_EMPTY_BODY = YES;
				CLANG_WARN_ENUM_CONVERSION = YES;
				CLANG_WARN_INFINITE_RECURSION = YES;
				CLANG_WARN_INT_CONVERSION = YES;
				CLANG_WARN_NON_LITERAL_NULL_CONVERSION = YES;
				CLANG_WARN_OBJC_IMPLICIT_RETAIN_SELF = YES;
				CLANG_WARN_OBJC_LITERAL_CONVERSION = YES;
				CLANG_WARN_OBJC_ROOT_CLASS = YES_ERROR;
				CLANG_WARN_RANGE_LOOP_ANALYSIS = YES;
				CLANG_WARN_STRICT_PROTOTYPES = YES;
				CLANG_WARN_SUSPICIOUS_MOVE = YES;
				CLANG_WARN_UNGUARDED_AVAILABILITY = YES_AGGRESSIVE;
				CLANG_WARN_UNREACHABLE_CODE = YES;
				CLANG_WARN__DUPLICATE_METHOD_MATCH = YES;
				COPY_PHASE_STRIP = NO;
				DEBUG_INFORMATION_FORMAT = dwarf;
				ENABLE_STRICT_OBJC_MSGSEND = YES;
				ENABLE_TESTABILITY = YES;
				GCC_C_LANGUAGE_STANDARD = gnu11;
				GCC_DYNAMIC_NO_PIC = NO;
				GCC_NO_COMMON_BLOCKS = YES;
				GCC_OPTIMIZATION_LEVEL = 0;
				GCC_PREPROCESSOR_DEFINITIONS = (
					"DEBUG=1",
					"$(inherited)",
				);
				GCC_WARN_64_TO_32_BIT_CONVERSION = YES;
				GCC_WARN_ABOUT_RETURN_TYPE = YES_ERROR;
				GCC_WARN_UNDECLARED_SELECTOR = YES;
				GCC_WARN_UNINITIALIZED_AUTOS = YES_AGGRESSIVE;
				GCC_WARN_UNUSED_FUNCTION = YES;
				GCC_WARN_UNUSED_VARIABLE = YES;
				IPHONEOS_DEPLOYMENT_TARGET = 13.0;
				MTL_ENABLE_DEBUG_INFO = INCLUDE_SOURCE;
				MTL_FAST_MATH = YES;
				ONLY_ACTIVE_ARCH = YES;
				SDKROOT = iphoneos;
				SWIFT_ACTIVE_COMPILATION_CONDITIONS = DEBUG;
				SWIFT_OPTIMIZATION_LEVEL = "-Onone";
			};
			name = Debug;
		};
		44E78F9E234CE56000C99D26 /* Release */ = {
			isa = XCBuildConfiguration;
			buildSettings = {
				ALWAYS_SEARCH_USER_PATHS = NO;
				CLANG_ANALYZER_NONNULL = YES;
				CLANG_ANALYZER_NUMBER_OBJECT_CONVERSION = YES_AGGRESSIVE;
				CLANG_CXX_LANGUAGE_STANDARD = "gnu++14";
				CLANG_CXX_LIBRARY = "libc++";
				CLANG_ENABLE_MODULES = YES;
				CLANG_ENABLE_OBJC_ARC = YES;
				CLANG_ENABLE_OBJC_WEAK = YES;
				CLANG_WARN_BLOCK_CAPTURE_AUTORELEASING = YES;
				CLANG_WARN_BOOL_CONVERSION = YES;
				CLANG_WARN_COMMA = YES;
				CLANG_WARN_CONSTANT_CONVERSION = YES;
				CLANG_WARN_DEPRECATED_OBJC_IMPLEMENTATIONS = YES;
				CLANG_WARN_DIRECT_OBJC_ISA_USAGE = YES_ERROR;
				CLANG_WARN_DOCUMENTATION_COMMENTS = YES;
				CLANG_WARN_EMPTY_BODY = YES;
				CLANG_WARN_ENUM_CONVERSION = YES;
				CLANG_WARN_INFINITE_RECURSION = YES;
				CLANG_WARN_INT_CONVERSION = YES;
				CLANG_WARN_NON_LITERAL_NULL_CONVERSION = YES;
				CLANG_WARN_OBJC_IMPLICIT_RETAIN_SELF = YES;
				CLANG_WARN_OBJC_LITERAL_CONVERSION = YES;
				CLANG_WARN_OBJC_ROOT_CLASS = YES_ERROR;
				CLANG_WARN_RANGE_LOOP_ANALYSIS = YES;
				CLANG_WARN_STRICT_PROTOTYPES = YES;
				CLANG_WARN_SUSPICIOUS_MOVE = YES;
				CLANG_WARN_UNGUARDED_AVAILABILITY = YES_AGGRESSIVE;
				CLANG_WARN_UNREACHABLE_CODE = YES;
				CLANG_WARN__DUPLICATE_METHOD_MATCH = YES;
				COPY_PHASE_STRIP = NO;
				DEBUG_INFORMATION_FORMAT = "dwarf-with-dsym";
				ENABLE_NS_ASSERTIONS = NO;
				ENABLE_STRICT_OBJC_MSGSEND = YES;
				GCC_C_LANGUAGE_STANDARD = gnu11;
				GCC_NO_COMMON_BLOCKS = YES;
				GCC_WARN_64_TO_32_BIT_CONVERSION = YES;
				GCC_WARN_ABOUT_RETURN_TYPE = YES_ERROR;
				GCC_WARN_UNDECLARED_SELECTOR = YES;
				GCC_WARN_UNINITIALIZED_AUTOS = YES_AGGRESSIVE;
				GCC_WARN_UNUSED_FUNCTION = YES;
				GCC_WARN_UNUSED_VARIABLE = YES;
				IPHONEOS_DEPLOYMENT_TARGET = 13.0;
				MTL_ENABLE_DEBUG_INFO = NO;
				MTL_FAST_MATH = YES;
				SDKROOT = iphoneos;
				SWIFT_COMPILATION_MODE = wholemodule;
				SWIFT_OPTIMIZATION_LEVEL = "-O";
				VALIDATE_PRODUCT = YES;
			};
			name = Release;
		};
		44E78FA0234CE56000C99D26 /* Debug */ = {
			isa = XCBuildConfiguration;
			baseConfigurationReference = 62A18439AEFF41A74C4A814E /* Pods-DayTwo.debug.xcconfig */;
			buildSettings = {
				ASSETCATALOG_COMPILER_APPICON_NAME = AppIcon;
				CODE_SIGN_STYLE = Automatic;
				DEVELOPMENT_TEAM = PRZ43Q4HD7;
				INFOPLIST_FILE = DayTwo/Info.plist;
				LD_RUNPATH_SEARCH_PATHS = (
					"$(inherited)",
					"@executable_path/Frameworks",
				);
				PRODUCT_BUNDLE_IDENTIFIER = com.nazarDev.DayTwo;
				PRODUCT_NAME = "$(TARGET_NAME)";
				SWIFT_VERSION = 5.0;
				TARGETED_DEVICE_FAMILY = "1,2";
			};
			name = Debug;
		};
		44E78FA1234CE56000C99D26 /* Release */ = {
			isa = XCBuildConfiguration;
			baseConfigurationReference = 67F6E30E95267EE08F9C7BA2 /* Pods-DayTwo.release.xcconfig */;
			buildSettings = {
				ASSETCATALOG_COMPILER_APPICON_NAME = AppIcon;
				CODE_SIGN_STYLE = Automatic;
				DEVELOPMENT_TEAM = PRZ43Q4HD7;
				INFOPLIST_FILE = DayTwo/Info.plist;
				LD_RUNPATH_SEARCH_PATHS = (
					"$(inherited)",
					"@executable_path/Frameworks",
				);
				PRODUCT_BUNDLE_IDENTIFIER = com.nazarDev.DayTwo;
				PRODUCT_NAME = "$(TARGET_NAME)";
				SWIFT_VERSION = 5.0;
				TARGETED_DEVICE_FAMILY = "1,2";
			};
			name = Release;
		};
/* End XCBuildConfiguration section */

/* Begin XCConfigurationList section */
		44E78F86234CE55F00C99D26 /* Build configuration list for PBXProject "DayTwo" */ = {
			isa = XCConfigurationList;
			buildConfigurations = (
				44E78F9D234CE56000C99D26 /* Debug */,
				44E78F9E234CE56000C99D26 /* Release */,
			);
			defaultConfigurationIsVisible = 0;
			defaultConfigurationName = Release;
		};
		44E78F9F234CE56000C99D26 /* Build configuration list for PBXNativeTarget "DayTwo" */ = {
			isa = XCConfigurationList;
			buildConfigurations = (
				44E78FA0234CE56000C99D26 /* Debug */,
				44E78FA1234CE56000C99D26 /* Release */,
			);
			defaultConfigurationIsVisible = 0;
			defaultConfigurationName = Release;
		};
/* End XCConfigurationList section */
	};
	rootObject = 44E78F83234CE55F00C99D26 /* Project object */;
}
